
Microsoft Visual Studio Solution File, Format Version 12.00
# Visual Studio 15
VisualStudioVersion = 15.0.28307.572
MinimumVisualStudioVersion = 10.0.40219.1
Project("{FAE04EC0-301F-11D3-BF4B-00C04F79EFBC}") = "StoryBlog_X.Android", "StoryBlog_X\StoryBlog_X.Android\StoryBlog_X.Android.csproj", "{4C7ADEA1-EF08-4174-9F15-73F797106405}"
EndProject
Project("{FAE04EC0-301F-11D3-BF4B-00C04F79EFBC}") = "StoryBlog_X.iOS", "StoryBlog_X\StoryBlog_X.iOS\StoryBlog_X.iOS.csproj", "{D5C88651-A99F-4474-888F-A3BD51CC7FBE}"
EndProject
Project("{FAE04EC0-301F-11D3-BF4B-00C04F79EFBC}") = "StoryBlog_X.UWP", "StoryBlog_X\StoryBlog_X.UWP\StoryBlog_X.UWP.csproj", "{7DAA43DE-1CEF-4718-9CBA-F2563804C745}"
EndProject
Project("{D954291E-2A0B-460D-934E-DC6B0785DB48}") = "StoryBlog_X", "StoryBlog_X\StoryBlog_X\StoryBlog_X.shproj", "{3F7106A5-270E-43A8-8763-4BD6D309C339}"
EndProject
Project("{E24C65DC-7377-472B-9ABA-BC803B73C61A}") = "StoryBlog_X_WebModul", "StoryBlog_X_WebModul\", "{0451DFE9-046E-41EB-B411-9AABEC441FD9}"
	ProjectSection(WebsiteProperties) = preProject
		TargetFrameworkMoniker = ".NETFramework,Version%3Dv4.7.2"
		Debug.AspNetCompiler.VirtualPath = "/localhost_19393"
		Debug.AspNetCompiler.PhysicalPath = "StoryBlog_X_WebModul\"
		Debug.AspNetCompiler.TargetPath = "PrecompiledWeb\localhost_19393\"
		Debug.AspNetCompiler.Updateable = "true"
		Debug.AspNetCompiler.ForceOverwrite = "true"
		Debug.AspNetCompiler.FixedNames = "false"
		Debug.AspNetCompiler.Debug = "True"
		Release.AspNetCompiler.VirtualPath = "/localhost_19393"
		Release.AspNetCompiler.PhysicalPath = "StoryBlog_X_WebModul\"
		Release.AspNetCompiler.TargetPath = "PrecompiledWeb\localhost_19393\"
		Release.AspNetCompiler.Updateable = "true"
		Release.AspNetCompiler.ForceOverwrite = "true"
		Release.AspNetCompiler.FixedNames = "false"
		Release.AspNetCompiler.Debug = "False"
		VWDPort = "19393"
		SlnRelativePath = "StoryBlog_X_WebModul\"
		DefaultWebSiteLanguage = "Visual C#"
	EndProjectSection
EndProject
Global
	GlobalSection(SharedMSBuildProjectFiles) = preSolution
		StoryBlog_X\StoryBlog_X\StoryBlog_X.projitems*{3f7106a5-270e-43a8-8763-4bd6d309c339}*SharedItemsImports = 13
		StoryBlog_X\StoryBlog_X\StoryBlog_X.projitems*{4c7adea1-ef08-4174-9f15-73f797106405}*SharedItemsImports = 4
		StoryBlog_X\StoryBlog_X\StoryBlog_X.projitems*{7daa43de-1cef-4718-9cba-f2563804c745}*SharedItemsImports = 4
		StoryBlog_X\StoryBlog_X\StoryBlog_X.projitems*{d5c88651-a99f-4474-888f-a3bd51cc7fbe}*SharedItemsImports = 4
	EndGlobalSection
	GlobalSection(SolutionConfigurationPlatforms) = preSolution
		Ad-Hoc|Any CPU = Ad-Hoc|Any CPU
		Ad-Hoc|ARM = Ad-Hoc|ARM
		Ad-Hoc|iPhone = Ad-Hoc|iPhone
		Ad-Hoc|iPhoneSimulator = Ad-Hoc|iPhoneSimulator
		Ad-Hoc|x64 = Ad-Hoc|x64
		Ad-Hoc|x86 = Ad-Hoc|x86
		AppStore|Any CPU = AppStore|Any CPU
		AppStore|ARM = AppStore|ARM
		AppStore|iPhone = AppStore|iPhone
		AppStore|iPhoneSimulator = AppStore|iPhoneSimulator
		AppStore|x64 = AppStore|x64
		AppStore|x86 = AppStore|x86
		Debug|Any CPU = Debug|Any CPU
		Debug|ARM = Debug|ARM
		Debug|iPhone = Debug|iPhone
		Debug|iPhoneSimulator = Debug|iPhoneSimulator
		Debug|x64 = Debug|x64
		Debug|x86 = Debug|x86
		Release|Any CPU = Release|Any CPU
		Release|ARM = Release|ARM
		Release|iPhone = Release|iPhone
		Release|iPhoneSimulator = Release|iPhoneSimulator
		Release|x64 = Release|x64
		Release|x86 = Release|x86
	EndGlobalSection
	GlobalSection(ProjectConfigurationPlatforms) = postSolution
		{4C7ADEA1-EF08-4174-9F15-73F797106405}.Ad-Hoc|Any CPU.ActiveCfg = Release|Any CPU
		{4C7ADEA1-EF08-4174-9F15-73F797106405}.Ad-Hoc|Any CPU.Build.0 = Release|Any CPU
		{4C7ADEA1-EF08-4174-9F15-73F797106405}.Ad-Hoc|Any CPU.Deploy.0 = Release|Any CPU
		{4C7ADEA1-EF08-4174-9F15-73F797106405}.Ad-Hoc|ARM.ActiveCfg = Release|Any CPU
		{4C7ADEA1-EF08-4174-9F15-73F797106405}.Ad-Hoc|ARM.Build.0 = Release|Any CPU
		{4C7ADEA1-EF08-4174-9F15-73F797106405}.Ad-Hoc|ARM.Deploy.0 = Release|Any CPU
		{4C7ADEA1-EF08-4174-9F15-73F797106405}.Ad-Hoc|iPhone.ActiveCfg = Release|Any CPU
		{4C7ADEA1-EF08-4174-9F15-73F797106405}.Ad-Hoc|iPhone.Build.0 = Release|Any CPU
		{4C7ADEA1-EF08-4174-9F15-73F797106405}.Ad-Hoc|iPhone.Deploy.0 = Release|Any CPU
		{4C7ADEA1-EF08-4174-9F15-73F797106405}.Ad-Hoc|iPhoneSimulator.ActiveCfg = Release|Any CPU
		{4C7ADEA1-EF08-4174-9F15-73F797106405}.Ad-Hoc|iPhoneSimulator.Build.0 = Release|Any CPU
		{4C7ADEA1-EF08-4174-9F15-73F797106405}.Ad-Hoc|iPhoneSimulator.Deploy.0 = Release|Any CPU
		{4C7ADEA1-EF08-4174-9F15-73F797106405}.Ad-Hoc|x64.ActiveCfg = Release|Any CPU
		{4C7ADEA1-EF08-4174-9F15-73F797106405}.Ad-Hoc|x64.Build.0 = Release|Any CPU
		{4C7ADEA1-EF08-4174-9F15-73F797106405}.Ad-Hoc|x64.Deploy.0 = Release|Any CPU
		{4C7ADEA1-EF08-4174-9F15-73F797106405}.Ad-Hoc|x86.ActiveCfg = Release|Any CPU
		{4C7ADEA1-EF08-4174-9F15-73F797106405}.Ad-Hoc|x86.Build.0 = Release|Any CPU
		{4C7ADEA1-EF08-4174-9F15-73F797106405}.Ad-Hoc|x86.Deploy.0 = Release|Any CPU
		{4C7ADEA1-EF08-4174-9F15-73F797106405}.AppStore|Any CPU.ActiveCfg = Release|Any CPU
		{4C7ADEA1-EF08-4174-9F15-73F797106405}.AppStore|Any CPU.Build.0 = Release|Any CPU
		{4C7ADEA1-EF08-4174-9F15-73F797106405}.AppStore|Any CPU.Deploy.0 = Release|Any CPU
		{4C7ADEA1-EF08-4174-9F15-73F797106405}.AppStore|ARM.ActiveCfg = Release|Any CPU
		{4C7ADEA1-EF08-4174-9F15-73F797106405}.AppStore|ARM.Build.0 = Release|Any CPU
		{4C7ADEA1-EF08-4174-9F15-73F797106405}.AppStore|ARM.Deploy.0 = Release|Any CPU
		{4C7ADEA1-EF08-4174-9F15-73F797106405}.AppStore|iPhone.ActiveCfg = Release|Any CPU
		{4C7ADEA1-EF08-4174-9F15-73F797106405}.AppStore|iPhone.Build.0 = Release|Any CPU
		{4C7ADEA1-EF08-4174-9F15-73F797106405}.AppStore|iPhone.Deploy.0 = Release|Any CPU
		{4C7ADEA1-EF08-4174-9F15-73F797106405}.AppStore|iPhoneSimulator.ActiveCfg = Release|Any CPU
		{4C7ADEA1-EF08-4174-9F15-73F797106405}.AppStore|iPhoneSimulator.Build.0 = Release|Any CPU
		{4C7ADEA1-EF08-4174-9F15-73F797106405}.AppStore|iPhoneSimulator.Deploy.0 = Release|Any CPU
		{4C7ADEA1-EF08-4174-9F15-73F797106405}.AppStore|x64.ActiveCfg = Release|Any CPU
		{4C7ADEA1-EF08-4174-9F15-73F797106405}.AppStore|x64.Build.0 = Release|Any CPU
		{4C7ADEA1-EF08-4174-9F15-73F797106405}.AppStore|x64.Deploy.0 = Release|Any CPU
		{4C7ADEA1-EF08-4174-9F15-73F797106405}.AppStore|x86.ActiveCfg = Release|Any CPU
		{4C7ADEA1-EF08-4174-9F15-73F797106405}.AppStore|x86.Build.0 = Release|Any CPU
		{4C7ADEA1-EF08-4174-9F15-73F797106405}.AppStore|x86.Deploy.0 = Release|Any CPU
		{4C7ADEA1-EF08-4174-9F15-73F797106405}.Debug|Any CPU.ActiveCfg = Debug|Any CPU
		{4C7ADEA1-EF08-4174-9F15-73F797106405}.Debug|Any CPU.Build.0 = Debug|Any CPU
		{4C7ADEA1-EF08-4174-9F15-73F797106405}.Debug|Any CPU.Deploy.0 = Debug|Any CPU
		{4C7ADEA1-EF08-4174-9F15-73F797106405}.Debug|ARM.ActiveCfg = Debug|Any CPU
		{4C7ADEA1-EF08-4174-9F15-73F797106405}.Debug|ARM.Build.0 = Debug|Any CPU
		{4C7ADEA1-EF08-4174-9F15-73F797106405}.Debug|ARM.Deploy.0 = Debug|Any CPU
		{4C7ADEA1-EF08-4174-9F15-73F797106405}.Debug|iPhone.ActiveCfg = Debug|Any CPU
		{4C7ADEA1-EF08-4174-9F15-73F797106405}.Debug|iPhone.Build.0 = Debug|Any CPU
		{4C7ADEA1-EF08-4174-9F15-73F797106405}.Debug|iPhone.Deploy.0 = Debug|Any CPU
		{4C7ADEA1-EF08-4174-9F15-73F797106405}.Debug|iPhoneSimulator.ActiveCfg = Debug|Any CPU
		{4C7ADEA1-EF08-4174-9F15-73F797106405}.Debug|iPhoneSimulator.Build.0 = Debug|Any CPU
		{4C7ADEA1-EF08-4174-9F15-73F797106405}.Debug|iPhoneSimulator.Deploy.0 = Debug|Any CPU
		{4C7ADEA1-EF08-4174-9F15-73F797106405}.Debug|x64.ActiveCfg = Debug|Any CPU
		{4C7ADEA1-EF08-4174-9F15-73F797106405}.Debug|x64.Build.0 = Debug|Any CPU
		{4C7ADEA1-EF08-4174-9F15-73F797106405}.Debug|x64.Deploy.0 = Debug|Any CPU
		{4C7ADEA1-EF08-4174-9F15-73F797106405}.Debug|x86.ActiveCfg = Debug|Any CPU
		{4C7ADEA1-EF08-4174-9F15-73F797106405}.Debug|x86.Build.0 = Debug|Any CPU
		{4C7ADEA1-EF08-4174-9F15-73F797106405}.Debug|x86.Deploy.0 = Debug|Any CPU
		{4C7ADEA1-EF08-4174-9F15-73F797106405}.Release|Any CPU.ActiveCfg = Release|Any CPU
		{4C7ADEA1-EF08-4174-9F15-73F797106405}.Release|Any CPU.Build.0 = Release|Any CPU
		{4C7ADEA1-EF08-4174-9F15-73F797106405}.Release|Any CPU.Deploy.0 = Release|Any CPU
		{4C7ADEA1-EF08-4174-9F15-73F797106405}.Release|ARM.ActiveCfg = Release|Any CPU
		{4C7ADEA1-EF08-4174-9F15-73F797106405}.Release|ARM.Build.0 = Release|Any CPU
		{4C7ADEA1-EF08-4174-9F15-73F797106405}.Release|ARM.Deploy.0 = Release|Any CPU
		{4C7ADEA1-EF08-4174-9F15-73F797106405}.Release|iPhone.ActiveCfg = Release|Any CPU
		{4C7ADEA1-EF08-4174-9F15-73F797106405}.Release|iPhone.Build.0 = Release|Any CPU
		{4C7ADEA1-EF08-4174-9F15-73F797106405}.Release|iPhone.Deploy.0 = Release|Any CPU
		{4C7ADEA1-EF08-4174-9F15-73F797106405}.Release|iPhoneSimulator.ActiveCfg = Release|Any CPU
		{4C7ADEA1-EF08-4174-9F15-73F797106405}.Release|iPhoneSimulator.Build.0 = Release|Any CPU
		{4C7ADEA1-EF08-4174-9F15-73F797106405}.Release|iPhoneSimulator.Deploy.0 = Release|Any CPU
		{4C7ADEA1-EF08-4174-9F15-73F797106405}.Release|x64.ActiveCfg = Release|Any CPU
		{4C7ADEA1-EF08-4174-9F15-73F797106405}.Release|x64.Build.0 = Release|Any CPU
		{4C7ADEA1-EF08-4174-9F15-73F797106405}.Release|x64.Deploy.0 = Release|Any CPU
		{4C7ADEA1-EF08-4174-9F15-73F797106405}.Release|x86.ActiveCfg = Release|Any CPU
		{4C7ADEA1-EF08-4174-9F15-73F797106405}.Release|x86.Build.0 = Release|Any CPU
		{4C7ADEA1-EF08-4174-9F15-73F797106405}.Release|x86.Deploy.0 = Release|Any CPU
		{D5C88651-A99F-4474-888F-A3BD51CC7FBE}.Ad-Hoc|Any CPU.ActiveCfg = Ad-Hoc|iPhone
		{D5C88651-A99F-4474-888F-A3BD51CC7FBE}.Ad-Hoc|Any CPU.Build.0 = Ad-Hoc|iPhone
		{D5C88651-A99F-4474-888F-A3BD51CC7FBE}.Ad-Hoc|Any CPU.Deploy.0 = Ad-Hoc|iPhone
		{D5C88651-A99F-4474-888F-A3BD51CC7FBE}.Ad-Hoc|ARM.ActiveCfg = Ad-Hoc|iPhone
		{D5C88651-A99F-4474-888F-A3BD51CC7FBE}.Ad-Hoc|ARM.Build.0 = Ad-Hoc|iPhone
		{D5C88651-A99F-4474-888F-A3BD51CC7FBE}.Ad-Hoc|ARM.Deploy.0 = Ad-Hoc|iPhone
		{D5C88651-A99F-4474-888F-A3BD51CC7FBE}.Ad-Hoc|iPhone.ActiveCfg = Ad-Hoc|iPhone
		{D5C88651-A99F-4474-888F-A3BD51CC7FBE}.Ad-Hoc|iPhone.Build.0 = Ad-Hoc|iPhone
		{D5C88651-A99F-4474-888F-A3BD51CC7FBE}.Ad-Hoc|iPhone.Deploy.0 = Ad-Hoc|iPhone
		{D5C88651-A99F-4474-888F-A3BD51CC7FBE}.Ad-Hoc|iPhoneSimulator.ActiveCfg = Ad-Hoc|iPhoneSimulator
		{D5C88651-A99F-4474-888F-A3BD51CC7FBE}.Ad-Hoc|iPhoneSimulator.Build.0 = Ad-Hoc|iPhoneSimulator
		{D5C88651-A99F-4474-888F-A3BD51CC7FBE}.Ad-Hoc|iPhoneSimulator.Deploy.0 = Ad-Hoc|iPhoneSimulator
		{D5C88651-A99F-4474-888F-A3BD51CC7FBE}.Ad-Hoc|x64.ActiveCfg = Ad-Hoc|iPhone
		{D5C88651-A99F-4474-888F-A3BD51CC7FBE}.Ad-Hoc|x64.Build.0 = Ad-Hoc|iPhone
		{D5C88651-A99F-4474-888F-A3BD51CC7FBE}.Ad-Hoc|x64.Deploy.0 = Ad-Hoc|iPhone
		{D5C88651-A99F-4474-888F-A3BD51CC7FBE}.Ad-Hoc|x86.ActiveCfg = Ad-Hoc|iPhone
		{D5C88651-A99F-4474-888F-A3BD51CC7FBE}.Ad-Hoc|x86.Build.0 = Ad-Hoc|iPhone
		{D5C88651-A99F-4474-888F-A3BD51CC7FBE}.Ad-Hoc|x86.Deploy.0 = Ad-Hoc|iPhone
		{D5C88651-A99F-4474-888F-A3BD51CC7FBE}.AppStore|Any CPU.ActiveCfg = AppStore|iPhone
		{D5C88651-A99F-4474-888F-A3BD51CC7FBE}.AppStore|Any CPU.Build.0 = AppStore|iPhone
		{D5C88651-A99F-4474-888F-A3BD51CC7FBE}.AppStore|Any CPU.Deploy.0 = AppStore|iPhone
		{D5C88651-A99F-4474-888F-A3BD51CC7FBE}.AppStore|ARM.ActiveCfg = AppStore|iPhone
		{D5C88651-A99F-4474-888F-A3BD51CC7FBE}.AppStore|ARM.Build.0 = AppStore|iPhone
		{D5C88651-A99F-4474-888F-A3BD51CC7FBE}.AppStore|ARM.Deploy.0 = AppStore|iPhone
		{D5C88651-A99F-4474-888F-A3BD51CC7FBE}.AppStore|iPhone.ActiveCfg = AppStore|iPhone
		{D5C88651-A99F-4474-888F-A3BD51CC7FBE}.AppStore|iPhone.Build.0 = AppStore|iPhone
		{D5C88651-A99F-4474-888F-A3BD51CC7FBE}.AppStore|iPhone.Deploy.0 = AppStore|iPhone
		{D5C88651-A99F-4474-888F-A3BD51CC7FBE}.AppStore|iPhoneSimulator.ActiveCfg = AppStore|iPhoneSimulator
		{D5C88651-A99F-4474-888F-A3BD51CC7FBE}.AppStore|iPhoneSimulator.Build.0 = AppStore|iPhoneSimulator
		{D5C88651-A99F-4474-888F-A3BD51CC7FBE}.AppStore|iPhoneSimulator.Deploy.0 = AppStore|iPhoneSimulator
		{D5C88651-A99F-4474-888F-A3BD51CC7FBE}.AppStore|x64.ActiveCfg = AppStore|iPhone
		{D5C88651-A99F-4474-888F-A3BD51CC7FBE}.AppStore|x64.Build.0 = AppStore|iPhone
		{D5C88651-A99F-4474-888F-A3BD51CC7FBE}.AppStore|x64.Deploy.0 = AppStore|iPhone
		{D5C88651-A99F-4474-888F-A3BD51CC7FBE}.AppStore|x86.ActiveCfg = AppStore|iPhone
		{D5C88651-A99F-4474-888F-A3BD51CC7FBE}.AppStore|x86.Build.0 = AppStore|iPhone
		{D5C88651-A99F-4474-888F-A3BD51CC7FBE}.AppStore|x86.Deploy.0 = AppStore|iPhone
		{D5C88651-A99F-4474-888F-A3BD51CC7FBE}.Debug|Any CPU.ActiveCfg = Debug|iPhoneSimulator
		{D5C88651-A99F-4474-888F-A3BD51CC7FBE}.Debug|Any CPU.Build.0 = Debug|iPhoneSimulator
		{D5C88651-A99F-4474-888F-A3BD51CC7FBE}.Debug|Any CPU.Deploy.0 = Debug|iPhoneSimulator
		{D5C88651-A99F-4474-888F-A3BD51CC7FBE}.Debug|ARM.ActiveCfg = Debug|iPhone
		{D5C88651-A99F-4474-888F-A3BD51CC7FBE}.Debug|ARM.Build.0 = Debug|iPhone
		{D5C88651-A99F-4474-888F-A3BD51CC7FBE}.Debug|ARM.Deploy.0 = Debug|iPhone
		{D5C88651-A99F-4474-888F-A3BD51CC7FBE}.Debug|iPhone.ActiveCfg = Debug|iPhone
		{D5C88651-A99F-4474-888F-A3BD51CC7FBE}.Debug|iPhone.Build.0 = Debug|iPhone
		{D5C88651-A99F-4474-888F-A3BD51CC7FBE}.Debug|iPhone.Deploy.0 = Debug|iPhone
		{D5C88651-A99F-4474-888F-A3BD51CC7FBE}.Debug|iPhoneSimulator.ActiveCfg = Debug|iPhoneSimulator
		{D5C88651-A99F-4474-888F-A3BD51CC7FBE}.Debug|iPhoneSimulator.Build.0 = Debug|iPhoneSimulator
		{D5C88651-A99F-4474-888F-A3BD51CC7FBE}.Debug|iPhoneSimulator.Deploy.0 = Debug|iPhoneSimulator
		{D5C88651-A99F-4474-888F-A3BD51CC7FBE}.Debug|x64.ActiveCfg = Debug|iPhone
		{D5C88651-A99F-4474-888F-A3BD51CC7FBE}.Debug|x64.Build.0 = Debug|iPhone
		{D5C88651-A99F-4474-888F-A3BD51CC7FBE}.Debug|x64.Deploy.0 = Debug|iPhone
		{D5C88651-A99F-4474-888F-A3BD51CC7FBE}.Debug|x86.ActiveCfg = Debug|iPhone
		{D5C88651-A99F-4474-888F-A3BD51CC7FBE}.Debug|x86.Build.0 = Debug|iPhone
		{D5C88651-A99F-4474-888F-A3BD51CC7FBE}.Debug|x86.Deploy.0 = Debug|iPhone
		{D5C88651-A99F-4474-888F-A3BD51CC7FBE}.Release|Any CPU.ActiveCfg = Release|iPhone
		{D5C88651-A99F-4474-888F-A3BD51CC7FBE}.Release|Any CPU.Build.0 = Release|iPhone
		{D5C88651-A99F-4474-888F-A3BD51CC7FBE}.Release|Any CPU.Deploy.0 = Release|iPhone
		{D5C88651-A99F-4474-888F-A3BD51CC7FBE}.Release|ARM.ActiveCfg = Release|iPhone
		{D5C88651-A99F-4474-888F-A3BD51CC7FBE}.Release|ARM.Build.0 = Release|iPhone
		{D5C88651-A99F-4474-888F-A3BD51CC7FBE}.Release|ARM.Deploy.0 = Release|iPhone
		{D5C88651-A99F-4474-888F-A3BD51CC7FBE}.Release|iPhone.ActiveCfg = Release|iPhone
		{D5C88651-A99F-4474-888F-A3BD51CC7FBE}.Release|iPhone.Build.0 = Release|iPhone
		{D5C88651-A99F-4474-888F-A3BD51CC7FBE}.Release|iPhone.Deploy.0 = Release|iPhone
		{D5C88651-A99F-4474-888F-A3BD51CC7FBE}.Release|iPhoneSimulator.ActiveCfg = Release|iPhoneSimulator
		{D5C88651-A99F-4474-888F-A3BD51CC7FBE}.Release|iPhoneSimulator.Build.0 = Release|iPhoneSimulator
		{D5C88651-A99F-4474-888F-A3BD51CC7FBE}.Release|iPhoneSimulator.Deploy.0 = Release|iPhoneSimulator
		{D5C88651-A99F-4474-888F-A3BD51CC7FBE}.Release|x64.ActiveCfg = Release|iPhone
		{D5C88651-A99F-4474-888F-A3BD51CC7FBE}.Release|x64.Build.0 = Release|iPhone
		{D5C88651-A99F-4474-888F-A3BD51CC7FBE}.Release|x64.Deploy.0 = Release|iPhone
		{D5C88651-A99F-4474-888F-A3BD51CC7FBE}.Release|x86.ActiveCfg = Release|iPhone
		{D5C88651-A99F-4474-888F-A3BD51CC7FBE}.Release|x86.Build.0 = Release|iPhone
		{D5C88651-A99F-4474-888F-A3BD51CC7FBE}.Release|x86.Deploy.0 = Release|iPhone
		{7DAA43DE-1CEF-4718-9CBA-F2563804C745}.Ad-Hoc|Any CPU.ActiveCfg = Release|x86
		{7DAA43DE-1CEF-4718-9CBA-F2563804C745}.Ad-Hoc|Any CPU.Build.0 = Release|x86
		{7DAA43DE-1CEF-4718-9CBA-F2563804C745}.Ad-Hoc|Any CPU.Deploy.0 = Release|x86
		{7DAA43DE-1CEF-4718-9CBA-F2563804C745}.Ad-Hoc|ARM.ActiveCfg = Release|ARM
		{7DAA43DE-1CEF-4718-9CBA-F2563804C745}.Ad-Hoc|ARM.Build.0 = Release|ARM
		{7DAA43DE-1CEF-4718-9CBA-F2563804C745}.Ad-Hoc|ARM.Deploy.0 = Release|ARM
		{7DAA43DE-1CEF-4718-9CBA-F2563804C745}.Ad-Hoc|iPhone.ActiveCfg = Release|x86
		{7DAA43DE-1CEF-4718-9CBA-F2563804C745}.Ad-Hoc|iPhone.Build.0 = Release|x86
		{7DAA43DE-1CEF-4718-9CBA-F2563804C745}.Ad-Hoc|iPhone.Deploy.0 = Release|x86
		{7DAA43DE-1CEF-4718-9CBA-F2563804C745}.Ad-Hoc|iPhoneSimulator.ActiveCfg = Release|x86
		{7DAA43DE-1CEF-4718-9CBA-F2563804C745}.Ad-Hoc|iPhoneSimulator.Build.0 = Release|x86
		{7DAA43DE-1CEF-4718-9CBA-F2563804C745}.Ad-Hoc|iPhoneSimulator.Deploy.0 = Release|x86
		{7DAA43DE-1CEF-4718-9CBA-F2563804C745}.Ad-Hoc|x64.ActiveCfg = Release|x64
		{7DAA43DE-1CEF-4718-9CBA-F2563804C745}.Ad-Hoc|x64.Build.0 = Release|x64
		{7DAA43DE-1CEF-4718-9CBA-F2563804C745}.Ad-Hoc|x64.Deploy.0 = Release|x64
		{7DAA43DE-1CEF-4718-9CBA-F2563804C745}.Ad-Hoc|x86.ActiveCfg = Release|x86
		{7DAA43DE-1CEF-4718-9CBA-F2563804C745}.Ad-Hoc|x86.Build.0 = Release|x86
		{7DAA43DE-1CEF-4718-9CBA-F2563804C745}.Ad-Hoc|x86.Deploy.0 = Release|x86
		{7DAA43DE-1CEF-4718-9CBA-F2563804C745}.AppStore|Any CPU.ActiveCfg = Release|x86
		{7DAA43DE-1CEF-4718-9CBA-F2563804C745}.AppStore|Any CPU.Build.0 = Release|x86
		{7DAA43DE-1CEF-4718-9CBA-F2563804C745}.AppStore|Any CPU.Deploy.0 = Release|x86
		{7DAA43DE-1CEF-4718-9CBA-F2563804C745}.AppStore|ARM.ActiveCfg = Release|ARM
		{7DAA43DE-1CEF-4718-9CBA-F2563804C745}.AppStore|ARM.Build.0 = Release|ARM
		{7DAA43DE-1CEF-4718-9CBA-F2563804C745}.AppStore|ARM.Deploy.0 = Release|ARM
		{7DAA43DE-1CEF-4718-9CBA-F2563804C745}.AppStore|iPhone.ActiveCfg = Release|x86
		{7DAA43DE-1CEF-4718-9CBA-F2563804C745}.AppStore|iPhone.Build.0 = Release|x86
		{7DAA43DE-1CEF-4718-9CBA-F2563804C745}.AppStore|iPhone.Deploy.0 = Release|x86
		{7DAA43DE-1CEF-4718-9CBA-F2563804C745}.AppStore|iPhoneSimulator.ActiveCfg = Release|x86
		{7DAA43DE-1CEF-4718-9CBA-F2563804C745}.AppStore|iPhoneSimulator.Build.0 = Release|x86
		{7DAA43DE-1CEF-4718-9CBA-F2563804C745}.AppStore|iPhoneSimulator.Deploy.0 = Release|x86
		{7DAA43DE-1CEF-4718-9CBA-F2563804C745}.AppStore|x64.ActiveCfg = Release|x64
		{7DAA43DE-1CEF-4718-9CBA-F2563804C745}.AppStore|x64.Build.0 = Release|x64
		{7DAA43DE-1CEF-4718-9CBA-F2563804C745}.AppStore|x64.Deploy.0 = Release|x64
		{7DAA43DE-1CEF-4718-9CBA-F2563804C745}.AppStore|x86.ActiveCfg = Release|x86
		{7DAA43DE-1CEF-4718-9CBA-F2563804C745}.AppStore|x86.Build.0 = Release|x86
		{7DAA43DE-1CEF-4718-9CBA-F2563804C745}.AppStore|x86.Deploy.0 = Release|x86
		{7DAA43DE-1CEF-4718-9CBA-F2563804C745}.Debug|Any CPU.ActiveCfg = Debug|x86
		{7DAA43DE-1CEF-4718-9CBA-F2563804C745}.Debug|Any CPU.Build.0 = Debug|x86
		{7DAA43DE-1CEF-4718-9CBA-F2563804C745}.Debug|Any CPU.Deploy.0 = Debug|x86
		{7DAA43DE-1CEF-4718-9CBA-F2563804C745}.Debug|ARM.ActiveCfg = Debug|ARM
		{7DAA43DE-1CEF-4718-9CBA-F2563804C745}.Debug|ARM.Build.0 = Debug|ARM
		{7DAA43DE-1CEF-4718-9CBA-F2563804C745}.Debug|ARM.Deploy.0 = Debug|ARM
		{7DAA43DE-1CEF-4718-9CBA-F2563804C745}.Debug|iPhone.ActiveCfg = Debug|x86
		{7DAA43DE-1CEF-4718-9CBA-F2563804C745}.Debug|iPhone.Build.0 = Debug|x86
		{7DAA43DE-1CEF-4718-9CBA-F2563804C745}.Debug|iPhone.Deploy.0 = Debug|x86
		{7DAA43DE-1CEF-4718-9CBA-F2563804C745}.Debug|iPhoneSimulator.ActiveCfg = Debug|x86
		{7DAA43DE-1CEF-4718-9CBA-F2563804C745}.Debug|iPhoneSimulator.Build.0 = Debug|x86
		{7DAA43DE-1CEF-4718-9CBA-F2563804C745}.Debug|iPhoneSimulator.Deploy.0 = Debug|x86
		{7DAA43DE-1CEF-4718-9CBA-F2563804C745}.Debug|x64.ActiveCfg = Debug|x64
		{7DAA43DE-1CEF-4718-9CBA-F2563804C745}.Debug|x64.Build.0 = Debug|x64
		{7DAA43DE-1CEF-4718-9CBA-F2563804C745}.Debug|x64.Deploy.0 = Debug|x64
		{7DAA43DE-1CEF-4718-9CBA-F2563804C745}.Debug|x86.ActiveCfg = Debug|x86
		{7DAA43DE-1CEF-4718-9CBA-F2563804C745}.Debug|x86.Build.0 = Debug|x86
		{7DAA43DE-1CEF-4718-9CBA-F2563804C745}.Debug|x86.Deploy.0 = Debug|x86
		{7DAA43DE-1CEF-4718-9CBA-F2563804C745}.Release|Any CPU.ActiveCfg = Release|x86
		{7DAA43DE-1CEF-4718-9CBA-F2563804C745}.Release|Any CPU.Build.0 = Release|x86
		{7DAA43DE-1CEF-4718-9CBA-F2563804C745}.Release|Any CPU.Deploy.0 = Release|x86
		{7DAA43DE-1CEF-4718-9CBA-F2563804C745}.Release|ARM.ActiveCfg = Release|ARM
		{7DAA43DE-1CEF-4718-9CBA-F2563804C745}.Release|ARM.Build.0 = Release|ARM
		{7DAA43DE-1CEF-4718-9CBA-F2563804C745}.Release|ARM.Deploy.0 = Release|ARM
		{7DAA43DE-1CEF-4718-9CBA-F2563804C745}.Release|iPhone.ActiveCfg = Release|x86
		{7DAA43DE-1CEF-4718-9CBA-F2563804C745}.Release|iPhone.Build.0 = Release|x86
		{7DAA43DE-1CEF-4718-9CBA-F2563804C745}.Release|iPhone.Deploy.0 = Release|x86
		{7DAA43DE-1CEF-4718-9CBA-F2563804C745}.Release|iPhoneSimulator.ActiveCfg = Release|x86
		{7DAA43DE-1CEF-4718-9CBA-F2563804C745}.Release|iPhoneSimulator.Build.0 = Release|x86
		{7DAA43DE-1CEF-4718-9CBA-F2563804C745}.Release|iPhoneSimulator.Deploy.0 = Release|x86
		{7DAA43DE-1CEF-4718-9CBA-F2563804C745}.Release|x64.ActiveCfg = Release|x64
		{7DAA43DE-1CEF-4718-9CBA-F2563804C745}.Release|x64.Build.0 = Release|x64
		{7DAA43DE-1CEF-4718-9CBA-F2563804C745}.Release|x64.Deploy.0 = Release|x64
		{7DAA43DE-1CEF-4718-9CBA-F2563804C745}.Release|x86.ActiveCfg = Release|x86
		{7DAA43DE-1CEF-4718-9CBA-F2563804C745}.Release|x86.Build.0 = Release|x86
		{7DAA43DE-1CEF-4718-9CBA-F2563804C745}.Release|x86.Deploy.0 = Release|x86
		{0451DFE9-046E-41EB-B411-9AABEC441FD9}.Ad-Hoc|Any CPU.ActiveCfg = Debug|Any CPU
		{0451DFE9-046E-41EB-B411-9AABEC441FD9}.Ad-Hoc|Any CPU.Build.0 = Debug|Any CPU
		{0451DFE9-046E-41EB-B411-9AABEC441FD9}.Ad-Hoc|ARM.ActiveCfg = Debug|Any CPU
		{0451DFE9-046E-41EB-B411-9AABEC441FD9}.Ad-Hoc|ARM.Build.0 = Debug|Any CPU
		{0451DFE9-046E-41EB-B411-9AABEC441FD9}.Ad-Hoc|iPhone.ActiveCfg = Debug|Any CPU
		{0451DFE9-046E-41EB-B411-9AABEC441FD9}.Ad-Hoc|iPhone.Build.0 = Debug|Any CPU
		{0451DFE9-046E-41EB-B411-9AABEC441FD9}.Ad-Hoc|iPhoneSimulator.ActiveCfg = Debug|Any CPU
		{0451DFE9-046E-41EB-B411-9AABEC441FD9}.Ad-Hoc|iPhoneSimulator.Build.0 = Debug|Any CPU
		{0451DFE9-046E-41EB-B411-9AABEC441FD9}.Ad-Hoc|x64.ActiveCfg = Debug|Any CPU
		{0451DFE9-046E-41EB-B411-9AABEC441FD9}.Ad-Hoc|x64.Build.0 = Debug|Any CPU
		{0451DFE9-046E-41EB-B411-9AABEC441FD9}.Ad-Hoc|x86.ActiveCfg = Debug|Any CPU
		{0451DFE9-046E-41EB-B411-9AABEC441FD9}.Ad-Hoc|x86.Build.0 = Debug|Any CPU
		{0451DFE9-046E-41EB-B411-9AABEC441FD9}.AppStore|Any CPU.ActiveCfg = Debug|Any CPU
		{0451DFE9-046E-41EB-B411-9AABEC441FD9}.AppStore|Any CPU.Build.0 = Debug|Any CPU
		{0451DFE9-046E-41EB-B411-9AABEC441FD9}.AppStore|ARM.ActiveCfg = Debug|Any CPU
		{0451DFE9-046E-41EB-B411-9AABEC441FD9}.AppStore|ARM.Build.0 = Debug|Any CPU
		{0451DFE9-046E-41EB-B411-9AABEC441FD9}.AppStore|iPhone.ActiveCfg = Debug|Any CPU
		{0451DFE9-046E-41EB-B411-9AABEC441FD9}.AppStore|iPhone.Build.0 = Debug|Any CPU
		{0451DFE9-046E-41EB-B411-9AABEC441FD9}.AppStore|iPhoneSimulator.ActiveCfg = Debug|Any CPU
		{0451DFE9-046E-41EB-B411-9AABEC441FD9}.AppStore|iPhoneSimulator.Build.0 = Debug|Any CPU
		{0451DFE9-046E-41EB-B411-9AABEC441FD9}.AppStore|x64.ActiveCfg = Debug|Any CPU
		{0451DFE9-046E-41EB-B411-9AABEC441FD9}.AppStore|x64.Build.0 = Debug|Any CPU
		{0451DFE9-046E-41EB-B411-9AABEC441FD9}.AppStore|x86.ActiveCfg = Debug|Any CPU
		{0451DFE9-046E-41EB-B411-9AABEC441FD9}.AppStore|x86.Build.0 = Debug|Any CPU
		{0451DFE9-046E-41EB-B411-9AABEC441FD9}.Debug|Any CPU.ActiveCfg = Debug|Any CPU
		{0451DFE9-046E-41EB-B411-9AABEC441FD9}.Debug|Any CPU.Build.0 = Debug|Any CPU
		{0451DFE9-046E-41EB-B411-9AABEC441FD9}.Debug|ARM.ActiveCfg = Debug|Any CPU
		{0451DFE9-046E-41EB-B411-9AABEC441FD9}.Debug|ARM.Build.0 = Debug|Any CPU
		{0451DFE9-046E-41EB-B411-9AABEC441FD9}.Debug|iPhone.ActiveCfg = Debug|Any CPU
		{0451DFE9-046E-41EB-B411-9AABEC441FD9}.Debug|iPhone.Build.0 = Debug|Any CPU
		{0451DFE9-046E-41EB-B411-9AABEC441FD9}.Debug|iPhoneSimulator.ActiveCfg = Debug|Any CPU
		{0451DFE9-046E-41EB-B411-9AABEC441FD9}.Debug|iPhoneSimulator.Build.0 = Debug|Any CPU
		{0451DFE9-046E-41EB-B411-9AABEC441FD9}.Debug|x64.ActiveCfg = Debug|Any CPU
		{0451DFE9-046E-41EB-B411-9AABEC441FD9}.Debug|x64.Build.0 = Debug|Any CPU
		{0451DFE9-046E-41EB-B411-9AABEC441FD9}.Debug|x86.ActiveCfg = Debug|Any CPU
		{0451DFE9-046E-41EB-B411-9AABEC441FD9}.Debug|x86.Build.0 = Debug|Any CPU
		{0451DFE9-046E-41EB-B411-9AABEC441FD9}.Release|Any CPU.ActiveCfg = Debug|Any CPU
		{0451DFE9-046E-41EB-B411-9AABEC441FD9}.Release|Any CPU.Build.0 = Debug|Any CPU
		{0451DFE9-046E-41EB-B411-9AABEC441FD9}.Release|ARM.ActiveCfg = Debug|Any CPU
		{0451DFE9-046E-41EB-B411-9AABEC441FD9}.Release|ARM.Build.0 = Debug|Any CPU
		{0451DFE9-046E-41EB-B411-9AABEC441FD9}.Release|iPhone.ActiveCfg = Debug|Any CPU
		{0451DFE9-046E-41EB-B411-9AABEC441FD9}.Release|iPhone.Build.0 = Debug|Any CPU
		{0451DFE9-046E-41EB-B411-9AABEC441FD9}.Release|iPhoneSimulator.ActiveCfg = Debug|Any CPU
		{0451DFE9-046E-41EB-B411-9AABEC441FD9}.Release|iPhoneSimulator.Build.0 = Debug|Any CPU
		{0451DFE9-046E-41EB-B411-9AABEC441FD9}.Release|x64.ActiveCfg = Debug|Any CPU
		{0451DFE9-046E-41EB-B411-9AABEC441FD9}.Release|x64.Build.0 = Debug|Any CPU
		{0451DFE9-046E-41EB-B411-9AABEC441FD9}.Release|x86.ActiveCfg = Debug|Any CPU
		{0451DFE9-046E-41EB-B411-9AABEC441FD9}.Release|x86.Build.0 = Debug|Any CPU
	EndGlobalSection
	GlobalSection(SolutionProperties) = preSolution
		HideSolutionNode = FALSE
	EndGlobalSection
	GlobalSection(ExtensibilityGlobals) = postSolution
		SolutionGuid = {52562092-58A6-4FB6-8DE9-2541A0162AE3}
	EndGlobalSection
EndGlobal
